
Microsoft Visual Studio Solution File, Format Version 12.00
# Visual Studio Version 16
VisualStudioVersion = 16.0.30517.126
MinimumVisualStudioVersion = 10.0.40219.1
Project("{FAE04EC0-301F-11D3-BF4B-00C04F79EFBC}") = "ProjetoFacade", "ProjetoFacade\ProjetoFacade.csproj", "{9139A6FD-3F67-42FF-910F-1912C4F77742}"
EndProject
Global
	GlobalSection(SolutionConfigurationPlatforms) = preSolution
		Debug|Any CPU = Debug|Any CPU
		Release|Any CPU = Release|Any CPU
	EndGlobalSection
	GlobalSection(ProjectConfigurationPlatforms) = postSolution
		{9139A6FD-3F67-42FF-910F-1912C4F77742}.Debug|Any CPU.ActiveCfg = Debug|Any CPU
		{9139A6FD-3F67-42FF-910F-1912C4F77742}.Debug|Any CPU.Build.0 = Debug|Any CPU
		{9139A6FD-3F67-42FF-910F-1912C4F77742}.Release|Any CPU.ActiveCfg = Release|Any CPU
		{9139A6FD-3F67-42FF-910F-1912C4F77742}.Release|Any CPU.Build.0 = Release|Any CPU
	EndGlobalSection
	GlobalSection(SolutionProperties) = preSolution
		HideSolutionNode = FALSE
	EndGlobalSection
	GlobalSection(ExtensibilityGlobals) = postSolution
		SolutionGuid = {F7E800AF-24A4-467E-8D03-3A058176BEFE}
	EndGlobalSection
EndGlobal
